
Microsoft Visual Studio Solution File, Format Version 12.00
# Visual Studio Version 17
VisualStudioVersion = 17.3.32901.215
MinimumVisualStudioVersion = 10.0.40219.1
Project("{FAE04EC0-301F-11D3-BF4B-00C04F79EFBC}") = "DictGraph", "DictGraph\DictGraph.csproj", "{C5A2C028-1321-4638-853D-3716F27CBFA7}"
EndProject
Global
	GlobalSection(SolutionConfigurationPlatforms) = preSolution
		Debug|Any CPU = Debug|Any CPU
		Release|Any CPU = Release|Any CPU
	EndGlobalSection
	GlobalSection(ProjectConfigurationPlatforms) = postSolution
		{C5A2C028-1321-4638-853D-3716F27CBFA7}.Debug|Any CPU.ActiveCfg = Debug|Any CPU
		{C5A2C028-1321-4638-853D-3716F27CBFA7}.Debug|Any CPU.Build.0 = Debug|Any CPU
		{C5A2C028-1321-4638-853D-3716F27CBFA7}.Release|Any CPU.ActiveCfg = Release|Any CPU
		{C5A2C028-1321-4638-853D-3716F27CBFA7}.Release|Any CPU.Build.0 = Release|Any CPU
	EndGlobalSection
	GlobalSection(SolutionProperties) = preSolution
		HideSolutionNode = FALSE
	EndGlobalSection
	GlobalSection(ExtensibilityGlobals) = postSolution
		SolutionGuid = {20395D0E-A460-431B-A27C-DB68FA290A31}
	EndGlobalSection
EndGlobal
